
Microsoft Visual Studio Solution File, Format Version 12.00
Project("{FAE04EC0-301F-11D3-BF4B-00C04F79EFBC}") = "3d_test", "3d_test\3d_test.csproj", "{F3F83372-4495-447A-B01D-E7C082A520CF}"
EndProject
Global
	GlobalSection(SolutionConfigurationPlatforms) = preSolution
		Debug|Any CPU = Debug|Any CPU
		Release|Any CPU = Release|Any CPU
	EndGlobalSection
	GlobalSection(ProjectConfigurationPlatforms) = postSolution
		{F3F83372-4495-447A-B01D-E7C082A520CF}.Debug|Any CPU.ActiveCfg = Debug|Any CPU
		{F3F83372-4495-447A-B01D-E7C082A520CF}.Debug|Any CPU.Build.0 = Debug|Any CPU
		{F3F83372-4495-447A-B01D-E7C082A520CF}.Release|Any CPU.ActiveCfg = Release|Any CPU
		{F3F83372-4495-447A-B01D-E7C082A520CF}.Release|Any CPU.Build.0 = Release|Any CPU
	EndGlobalSection
EndGlobal
