
Microsoft Visual Studio Solution File, Format Version 12.00
Project("{FAE04EC0-301F-11D3-BF4B-00C04F79EFBC}") = "OpenGl_Test", "OpenGl_Test\OpenGl_Test.csproj", "{9C0D6A7F-2298-46DA-8EDF-CDC29D583E1C}"
EndProject
Global
	GlobalSection(SolutionConfigurationPlatforms) = preSolution
		Debug|Any CPU = Debug|Any CPU
		Release|Any CPU = Release|Any CPU
	EndGlobalSection
	GlobalSection(ProjectConfigurationPlatforms) = postSolution
		{9C0D6A7F-2298-46DA-8EDF-CDC29D583E1C}.Debug|Any CPU.ActiveCfg = Debug|Any CPU
		{9C0D6A7F-2298-46DA-8EDF-CDC29D583E1C}.Debug|Any CPU.Build.0 = Debug|Any CPU
		{9C0D6A7F-2298-46DA-8EDF-CDC29D583E1C}.Release|Any CPU.ActiveCfg = Release|Any CPU
		{9C0D6A7F-2298-46DA-8EDF-CDC29D583E1C}.Release|Any CPU.Build.0 = Release|Any CPU
	EndGlobalSection
EndGlobal
